
Microsoft Visual Studio Solution File, Format Version 12.00
# Visual Studio Version 17
VisualStudioVersion = 17.13.35931.197 d17.13
MinimumVisualStudioVersion = 10.0.40219.1
Project("{FAE04EC0-301F-11D3-BF4B-00C04F79EFBC}") = "SisEUs.Domain", "SisEUs.Domain.csproj", "{7E7E06A0-653B-FFDA-265A-A4D21682469F}"
EndProject
Global
	GlobalSection(SolutionConfigurationPlatforms) = preSolution
		Debug|Any CPU = Debug|Any CPU
		Release|Any CPU = Release|Any CPU
	EndGlobalSection
	GlobalSection(ProjectConfigurationPlatforms) = postSolution
		{7E7E06A0-653B-FFDA-265A-A4D21682469F}.Debug|Any CPU.ActiveCfg = Debug|Any CPU
		{7E7E06A0-653B-FFDA-265A-A4D21682469F}.Debug|Any CPU.Build.0 = Debug|Any CPU
		{7E7E06A0-653B-FFDA-265A-A4D21682469F}.Release|Any CPU.ActiveCfg = Release|Any CPU
		{7E7E06A0-653B-FFDA-265A-A4D21682469F}.Release|Any CPU.Build.0 = Release|Any CPU
	EndGlobalSection
	GlobalSection(SolutionProperties) = preSolution
		HideSolutionNode = FALSE
	EndGlobalSection
	GlobalSection(ExtensibilityGlobals) = postSolution
		SolutionGuid = {51F9E746-FA35-4475-A3CC-775B160C2963}
	EndGlobalSection
EndGlobal
